
Microsoft Visual Studio Solution File, Format Version 12.00
# Visual Studio Version 17
VisualStudioVersion = 17.14.36623.8 d17.14
MinimumVisualStudioVersion = 10.0.40219.1
Project("{FAE04EC0-301F-11D3-BF4B-00C04F79EFBC}") = "Personalregister", "Personalregister.csproj", "{850561AE-F733-4BFF-B0BE-D8B6C3BAFC8A}"
EndProject
Global
	GlobalSection(SolutionConfigurationPlatforms) = preSolution
		Debug|Any CPU = Debug|Any CPU
		Release|Any CPU = Release|Any CPU
	EndGlobalSection
	GlobalSection(ProjectConfigurationPlatforms) = postSolution
		{850561AE-F733-4BFF-B0BE-D8B6C3BAFC8A}.Debug|Any CPU.ActiveCfg = Debug|Any CPU
		{850561AE-F733-4BFF-B0BE-D8B6C3BAFC8A}.Debug|Any CPU.Build.0 = Debug|Any CPU
		{850561AE-F733-4BFF-B0BE-D8B6C3BAFC8A}.Release|Any CPU.ActiveCfg = Release|Any CPU
		{850561AE-F733-4BFF-B0BE-D8B6C3BAFC8A}.Release|Any CPU.Build.0 = Release|Any CPU
	EndGlobalSection
	GlobalSection(SolutionProperties) = preSolution
		HideSolutionNode = FALSE
	EndGlobalSection
	GlobalSection(ExtensibilityGlobals) = postSolution
		SolutionGuid = {D08D5B4A-4F15-42DB-A65F-FF0EC4B5370F}
	EndGlobalSection
EndGlobal
